
Microsoft Visual Studio Solution File, Format Version 12.00
# Visual Studio Version 17
VisualStudioVersion = 17.9.34714.143
MinimumVisualStudioVersion = 10.0.40219.1
Project("{9A19103F-16F7-4668-BE54-9A1E7A4F7556}") = "landscape-habitat-output", "landscape-habitat-output.csproj", "{8DABE007-924C-4184-9465-B03537BFCBA4}"
EndProject
Global
	GlobalSection(SolutionConfigurationPlatforms) = preSolution
		Debug|Any CPU = Debug|Any CPU
		Debug|x64 = Debug|x64
		Release|Any CPU = Release|Any CPU
		Release|x64 = Release|x64
	EndGlobalSection
	GlobalSection(ProjectConfigurationPlatforms) = postSolution
		{8DABE007-924C-4184-9465-B03537BFCBA4}.Debug|Any CPU.ActiveCfg = Debug|Any CPU
		{8DABE007-924C-4184-9465-B03537BFCBA4}.Debug|Any CPU.Build.0 = Debug|Any CPU
		{8DABE007-924C-4184-9465-B03537BFCBA4}.Debug|x64.ActiveCfg = Debug|Any CPU
		{8DABE007-924C-4184-9465-B03537BFCBA4}.Debug|x64.Build.0 = Debug|Any CPU
		{8DABE007-924C-4184-9465-B03537BFCBA4}.Release|Any CPU.ActiveCfg = Release|Any CPU
		{8DABE007-924C-4184-9465-B03537BFCBA4}.Release|Any CPU.Build.0 = Release|Any CPU
		{8DABE007-924C-4184-9465-B03537BFCBA4}.Release|x64.ActiveCfg = Release|Any CPU
		{8DABE007-924C-4184-9465-B03537BFCBA4}.Release|x64.Build.0 = Release|Any CPU
	EndGlobalSection
	GlobalSection(SolutionProperties) = preSolution
		HideSolutionNode = FALSE
	EndGlobalSection
	GlobalSection(ExtensibilityGlobals) = postSolution
		SolutionGuid = {460A2B1F-E041-47FF-B294-5B5D569A1A23}
	EndGlobalSection
EndGlobal
